{
  "version": 4,
  "terraform_version": "1.5.6",
  "serial": 1889,
  "lineage": "91a412b0-2317-85ca-c946-16fdba678064",
  "outputs": {},
  "resources": [
    {
      "module": "module.ecs_task",
      "mode": "data",
      "type": "aws_iam_policy_document",
      "name": "assume_role_policy",
      "provider": "provider[\"registry.terraform.io/hashicorp/aws\"]",
      "instances": [
        {
          "schema_version": 0,
          "attributes": {
            "id": "1077804475",
            "json": "{\n  \"Version\": \"2012-10-17\",\n  \"Statement\": [\n    {\n      \"Effect\": \"Allow\",\n      \"Action\": \"sts:AssumeRole\",\n      \"Principal\": {\n        \"Service\": \"ecs-tasks.amazonaws.com\"\n      }\n    }\n  ]\n}",
            "override_policy_documents": null,
            "policy_id": null,
            "source_policy_documents": null,
            "statement": [
              {
                "actions": [
                  "sts:AssumeRole"
                ],
                "condition": [],
                "effect": "Allow",
                "not_actions": [],
                "not_principals": [],
                "not_resources": [],
                "principals": [
                  {
                    "identifiers": [
                      "ecs-tasks.amazonaws.com"
                    ],
                    "type": "Service"
                  }
                ],
                "resources": [],
                "sid": ""
              }
            ],
            "version": "2012-10-17"
          },
          "sensitive_attributes": []
        }
      ]
    },
    {
      "module": "module.ecs_task",
      "mode": "managed",
      "type": "aws_cloudwatch_log_group",
      "name": "log_group",
      "provider": "provider[\"registry.terraform.io/hashicorp/aws\"]",
      "instances": [
        {
          "schema_version": 0,
          "attributes": {
            "arn": "arn:aws:logs:ap-southeast-2:732757519306:log-group:webflux-log",
            "id": "webflux-log",
            "kms_key_id": "",
            "name": "webflux-log",
            "name_prefix": "",
            "retention_in_days": 0,
            "skip_destroy": false,
            "tags": {
              "Application": "serviceA",
              "Environment": "production"
            },
            "tags_all": {
              "Application": "serviceA",
              "Environment": "production"
            }
          },
          "sensitive_attributes": [],
          "private": "bnVsbA==",
          "dependencies": [
            "module.lambda.aws_apigatewayv2_api.lambda",
            "module.lambda.aws_apigatewayv2_integration.delay_lambda",
            "module.lambda.aws_apigatewayv2_route.delay",
            "module.lambda.aws_apigatewayv2_stage.lambda",
            "module.lambda.aws_iam_role.lambda_exec",
            "module.lambda.aws_iam_role_policy_attachment.lambda_policy",
            "module.lambda.aws_lambda_function.delay_lambda",
            "module.lambda.aws_lambda_permission.api_gw",
            "module.lambda.aws_s3_bucket.lambda_bucket",
            "module.lambda.aws_s3_object.delay_lambda",
            "module.lambda.data.archive_file.delay_lambda",
            "module.lambda.random_pet.lambda_bucket_name"
          ]
        }
      ]
    },
    {
      "module": "module.ecs_task",
      "mode": "managed",
      "type": "aws_default_subnet",
      "name": "default_subnet_a",
      "provider": "provider[\"registry.terraform.io/hashicorp/aws\"]",
      "instances": [
        {
          "schema_version": 1,
          "attributes": {
            "arn": "arn:aws:ec2:ap-southeast-2:732757519306:subnet/subnet-0dfd4168",
            "assign_ipv6_address_on_creation": false,
            "availability_zone": "ap-southeast-2a",
            "availability_zone_id": "apse2-az1",
            "cidr_block": "172.31.0.0/20",
            "customer_owned_ipv4_pool": "",
            "enable_dns64": false,
            "enable_lni_at_device_index": 0,
            "enable_resource_name_dns_a_record_on_launch": false,
            "enable_resource_name_dns_aaaa_record_on_launch": false,
            "existing_default_subnet": true,
            "force_destroy": false,
            "id": "subnet-0dfd4168",
            "ipv6_cidr_block": "",
            "ipv6_cidr_block_association_id": "",
            "ipv6_native": false,
            "map_customer_owned_ip_on_launch": false,
            "map_public_ip_on_launch": true,
            "outpost_arn": "",
            "owner_id": "732757519306",
            "private_dns_hostname_type_on_launch": "ip-name",
            "tags": {},
            "tags_all": {},
            "timeouts": null,
            "vpc_id": "vpc-915a83f4"
          },
          "sensitive_attributes": [],
          "private": "eyJlMmJmYjczMC1lY2FhLTExZTYtOGY4OC0zNDM2M2JjN2M0YzAiOnsiY3JlYXRlIjo2MDAwMDAwMDAwMDAsImRlbGV0ZSI6MTIwMDAwMDAwMDAwMH0sInNjaGVtYV92ZXJzaW9uIjoiMSJ9",
          "dependencies": [
            "module.lambda.aws_apigatewayv2_api.lambda",
            "module.lambda.aws_apigatewayv2_integration.delay_lambda",
            "module.lambda.aws_apigatewayv2_route.delay",
            "module.lambda.aws_apigatewayv2_stage.lambda",
            "module.lambda.aws_iam_role.lambda_exec",
            "module.lambda.aws_iam_role_policy_attachment.lambda_policy",
            "module.lambda.aws_lambda_function.delay_lambda",
            "module.lambda.aws_lambda_permission.api_gw",
            "module.lambda.aws_s3_bucket.lambda_bucket",
            "module.lambda.aws_s3_object.delay_lambda",
            "module.lambda.data.archive_file.delay_lambda",
            "module.lambda.random_pet.lambda_bucket_name"
          ]
        }
      ]
    },
    {
      "module": "module.ecs_task",
      "mode": "managed",
      "type": "aws_default_subnet",
      "name": "default_subnet_b",
      "provider": "provider[\"registry.terraform.io/hashicorp/aws\"]",
      "instances": [
        {
          "schema_version": 1,
          "attributes": {
            "arn": "arn:aws:ec2:ap-southeast-2:732757519306:subnet/subnet-7a18c20d",
            "assign_ipv6_address_on_creation": false,
            "availability_zone": "ap-southeast-2b",
            "availability_zone_id": "apse2-az3",
            "cidr_block": "172.31.16.0/20",
            "customer_owned_ipv4_pool": "",
            "enable_dns64": false,
            "enable_lni_at_device_index": 0,
            "enable_resource_name_dns_a_record_on_launch": false,
            "enable_resource_name_dns_aaaa_record_on_launch": false,
            "existing_default_subnet": true,
            "force_destroy": false,
            "id": "subnet-7a18c20d",
            "ipv6_cidr_block": "",
            "ipv6_cidr_block_association_id": "",
            "ipv6_native": false,
            "map_customer_owned_ip_on_launch": false,
            "map_public_ip_on_launch": true,
            "outpost_arn": "",
            "owner_id": "732757519306",
            "private_dns_hostname_type_on_launch": "ip-name",
            "tags": {},
            "tags_all": {},
            "timeouts": null,
            "vpc_id": "vpc-915a83f4"
          },
          "sensitive_attributes": [],
          "private": "eyJlMmJmYjczMC1lY2FhLTExZTYtOGY4OC0zNDM2M2JjN2M0YzAiOnsiY3JlYXRlIjo2MDAwMDAwMDAwMDAsImRlbGV0ZSI6MTIwMDAwMDAwMDAwMH0sInNjaGVtYV92ZXJzaW9uIjoiMSJ9",
          "dependencies": [
            "module.lambda.aws_apigatewayv2_api.lambda",
            "module.lambda.aws_apigatewayv2_integration.delay_lambda",
            "module.lambda.aws_apigatewayv2_route.delay",
            "module.lambda.aws_apigatewayv2_stage.lambda",
            "module.lambda.aws_iam_role.lambda_exec",
            "module.lambda.aws_iam_role_policy_attachment.lambda_policy",
            "module.lambda.aws_lambda_function.delay_lambda",
            "module.lambda.aws_lambda_permission.api_gw",
            "module.lambda.aws_s3_bucket.lambda_bucket",
            "module.lambda.aws_s3_object.delay_lambda",
            "module.lambda.data.archive_file.delay_lambda",
            "module.lambda.random_pet.lambda_bucket_name"
          ]
        }
      ]
    },
    {
      "module": "module.ecs_task",
      "mode": "managed",
      "type": "aws_default_subnet",
      "name": "default_subnet_c",
      "provider": "provider[\"registry.terraform.io/hashicorp/aws\"]",
      "instances": [
        {
          "schema_version": 1,
          "attributes": {
            "arn": "arn:aws:ec2:ap-southeast-2:732757519306:subnet/subnet-e180d8a7",
            "assign_ipv6_address_on_creation": false,
            "availability_zone": "ap-southeast-2c",
            "availability_zone_id": "apse2-az2",
            "cidr_block": "172.31.32.0/20",
            "customer_owned_ipv4_pool": "",
            "enable_dns64": false,
            "enable_lni_at_device_index": 0,
            "enable_resource_name_dns_a_record_on_launch": false,
            "enable_resource_name_dns_aaaa_record_on_launch": false,
            "existing_default_subnet": true,
            "force_destroy": false,
            "id": "subnet-e180d8a7",
            "ipv6_cidr_block": "",
            "ipv6_cidr_block_association_id": "",
            "ipv6_native": false,
            "map_customer_owned_ip_on_launch": false,
            "map_public_ip_on_launch": true,
            "outpost_arn": "",
            "owner_id": "732757519306",
            "private_dns_hostname_type_on_launch": "ip-name",
            "tags": {},
            "tags_all": {},
            "timeouts": null,
            "vpc_id": "vpc-915a83f4"
          },
          "sensitive_attributes": [],
          "private": "eyJlMmJmYjczMC1lY2FhLTExZTYtOGY4OC0zNDM2M2JjN2M0YzAiOnsiY3JlYXRlIjo2MDAwMDAwMDAwMDAsImRlbGV0ZSI6MTIwMDAwMDAwMDAwMH0sInNjaGVtYV92ZXJzaW9uIjoiMSJ9",
          "dependencies": [
            "module.lambda.aws_apigatewayv2_api.lambda",
            "module.lambda.aws_apigatewayv2_integration.delay_lambda",
            "module.lambda.aws_apigatewayv2_route.delay",
            "module.lambda.aws_apigatewayv2_stage.lambda",
            "module.lambda.aws_iam_role.lambda_exec",
            "module.lambda.aws_iam_role_policy_attachment.lambda_policy",
            "module.lambda.aws_lambda_function.delay_lambda",
            "module.lambda.aws_lambda_permission.api_gw",
            "module.lambda.aws_s3_bucket.lambda_bucket",
            "module.lambda.aws_s3_object.delay_lambda",
            "module.lambda.data.archive_file.delay_lambda",
            "module.lambda.random_pet.lambda_bucket_name"
          ]
        }
      ]
    },
    {
      "module": "module.ecs_task",
      "mode": "managed",
      "type": "aws_default_vpc",
      "name": "default_vpc",
      "provider": "provider[\"registry.terraform.io/hashicorp/aws\"]",
      "instances": [
        {
          "schema_version": 1,
          "attributes": {
            "arn": "arn:aws:ec2:ap-southeast-2:732757519306:vpc/vpc-915a83f4",
            "assign_generated_ipv6_cidr_block": false,
            "cidr_block": "172.31.0.0/16",
            "default_network_acl_id": "acl-353d9250",
            "default_route_table_id": "rtb-453c9520",
            "default_security_group_id": "sg-d6d04bb3",
            "dhcp_options_id": "dopt-4ae6062f",
            "enable_dns_hostnames": true,
            "enable_dns_support": true,
            "enable_network_address_usage_metrics": false,
            "existing_default_vpc": true,
            "force_destroy": false,
            "id": "vpc-915a83f4",
            "instance_tenancy": "default",
            "ipv6_association_id": "",
            "ipv6_cidr_block": "",
            "ipv6_cidr_block_network_border_group": "",
            "ipv6_ipam_pool_id": "",
            "ipv6_netmask_length": 0,
            "main_route_table_id": "rtb-453c9520",
            "owner_id": "732757519306",
            "tags": {},
            "tags_all": {}
          },
          "sensitive_attributes": [],
          "private": "eyJzY2hlbWFfdmVyc2lvbiI6IjEifQ==",
          "dependencies": [
            "module.lambda.aws_apigatewayv2_api.lambda",
            "module.lambda.aws_apigatewayv2_integration.delay_lambda",
            "module.lambda.aws_apigatewayv2_route.delay",
            "module.lambda.aws_apigatewayv2_stage.lambda",
            "module.lambda.aws_iam_role.lambda_exec",
            "module.lambda.aws_iam_role_policy_attachment.lambda_policy",
            "module.lambda.aws_lambda_function.delay_lambda",
            "module.lambda.aws_lambda_permission.api_gw",
            "module.lambda.aws_s3_bucket.lambda_bucket",
            "module.lambda.aws_s3_object.delay_lambda",
            "module.lambda.data.archive_file.delay_lambda",
            "module.lambda.random_pet.lambda_bucket_name"
          ]
        }
      ]
    },
    {
      "module": "module.ecs_task",
      "mode": "managed",
      "type": "aws_ecs_cluster",
      "name": "ecs_cluster",
      "provider": "provider[\"registry.terraform.io/hashicorp/aws\"]",
      "instances": [
        {
          "schema_version": 0,
          "attributes": {
            "arn": "arn:aws:ecs:ap-southeast-2:732757519306:cluster/webflux-cluster",
            "configuration": [],
            "id": "arn:aws:ecs:ap-southeast-2:732757519306:cluster/webflux-cluster",
            "name": "webflux-cluster",
            "service_connect_defaults": [],
            "setting": [
              {
                "name": "containerInsights",
                "value": "disabled"
              }
            ],
            "tags": {},
            "tags_all": {}
          },
          "sensitive_attributes": [],
          "private": "bnVsbA==",
          "dependencies": [
            "module.lambda.aws_apigatewayv2_api.lambda",
            "module.lambda.aws_apigatewayv2_integration.delay_lambda",
            "module.lambda.aws_apigatewayv2_route.delay",
            "module.lambda.aws_apigatewayv2_stage.lambda",
            "module.lambda.aws_iam_role.lambda_exec",
            "module.lambda.aws_iam_role_policy_attachment.lambda_policy",
            "module.lambda.aws_lambda_function.delay_lambda",
            "module.lambda.aws_lambda_permission.api_gw",
            "module.lambda.aws_s3_bucket.lambda_bucket",
            "module.lambda.aws_s3_object.delay_lambda",
            "module.lambda.data.archive_file.delay_lambda",
            "module.lambda.random_pet.lambda_bucket_name"
          ]
        }
      ]
    },
    {
      "module": "module.ecs_task",
      "mode": "managed",
      "type": "aws_ecs_service",
      "name": "service",
      "provider": "provider[\"registry.terraform.io/hashicorp/aws\"]",
      "instances": [
        {
          "schema_version": 0,
          "attributes": {
            "alarms": [],
            "capacity_provider_strategy": [],
            "cluster": "arn:aws:ecs:ap-southeast-2:732757519306:cluster/webflux-cluster",
            "deployment_circuit_breaker": [
              {
                "enable": false,
                "rollback": false
              }
            ],
            "deployment_controller": [
              {
                "type": "ECS"
              }
            ],
            "deployment_maximum_percent": 200,
            "deployment_minimum_healthy_percent": 100,
            "desired_count": 1,
            "enable_ecs_managed_tags": false,
            "enable_execute_command": false,
            "force_new_deployment": null,
            "health_check_grace_period_seconds": 0,
            "iam_role": "/aws-service-role/ecs.amazonaws.com/AWSServiceRoleForECS",
            "id": "arn:aws:ecs:ap-southeast-2:732757519306:service/webflux-cluster/webflux-service",
            "launch_type": "FARGATE",
            "load_balancer": [
              {
                "container_name": "webflux",
                "container_port": 8080,
                "elb_name": "",
                "target_group_arn": "arn:aws:elasticloadbalancing:ap-southeast-2:732757519306:targetgroup/webflux-target-group/e58011bbb0c54f06"
              }
            ],
            "name": "webflux-service",
            "network_configuration": [
              {
                "assign_public_ip": true,
                "security_groups": [
                  "sg-091159c20e653c0d9"
                ],
                "subnets": [
                  "subnet-0dfd4168",
                  "subnet-7a18c20d",
                  "subnet-e180d8a7"
                ]
              }
            ],
            "ordered_placement_strategy": [],
            "placement_constraints": [],
            "platform_version": "LATEST",
            "propagate_tags": "NONE",
            "scheduling_strategy": "REPLICA",
            "service_connect_configuration": [],
            "service_registries": [],
            "tags": {},
            "tags_all": {},
            "task_definition": "arn:aws:ecs:ap-southeast-2:732757519306:task-definition/webflux:31",
            "timeouts": null,
            "triggers": {},
            "wait_for_steady_state": false
          },
          "sensitive_attributes": [],
          "private": "eyJlMmJmYjczMC1lY2FhLTExZTYtOGY4OC0zNDM2M2JjN2M0YzAiOnsiY3JlYXRlIjoxMjAwMDAwMDAwMDAwLCJkZWxldGUiOjEyMDAwMDAwMDAwMDAsInVwZGF0ZSI6MTIwMDAwMDAwMDAwMH19",
          "dependencies": [
            "module.ecs_task.aws_cloudwatch_log_group.log_group",
            "module.ecs_task.aws_default_subnet.default_subnet_a",
            "module.ecs_task.aws_default_subnet.default_subnet_b",
            "module.ecs_task.aws_default_subnet.default_subnet_c",
            "module.ecs_task.aws_default_vpc.default_vpc",
            "module.ecs_task.aws_ecs_cluster.ecs_cluster",
            "module.ecs_task.aws_ecs_task_definition.task",
            "module.ecs_task.aws_iam_role.ecsTaskExecutionRole",
            "module.ecs_task.aws_lb_target_group.target_group",
            "module.ecs_task.aws_security_group.load_balancer_security_group",
            "module.ecs_task.aws_security_group.service_security_group",
            "module.ecs_task.data.aws_iam_policy_document.assume_role_policy",
            "module.lambda.aws_apigatewayv2_api.lambda",
            "module.lambda.aws_apigatewayv2_integration.delay_lambda",
            "module.lambda.aws_apigatewayv2_route.delay",
            "module.lambda.aws_apigatewayv2_stage.lambda",
            "module.lambda.aws_iam_role.lambda_exec",
            "module.lambda.aws_iam_role_policy_attachment.lambda_policy",
            "module.lambda.aws_lambda_function.delay_lambda",
            "module.lambda.aws_lambda_permission.api_gw",
            "module.lambda.aws_s3_bucket.lambda_bucket",
            "module.lambda.aws_s3_object.delay_lambda",
            "module.lambda.data.archive_file.delay_lambda",
            "module.lambda.random_pet.lambda_bucket_name"
          ]
        }
      ]
    },
    {
      "module": "module.ecs_task",
      "mode": "managed",
      "type": "aws_ecs_task_definition",
      "name": "task",
      "provider": "provider[\"registry.terraform.io/hashicorp/aws\"]",
      "instances": [
        {
          "schema_version": 1,
          "attributes": {
            "arn": "arn:aws:ecs:ap-southeast-2:732757519306:task-definition/webflux:31",
            "arn_without_revision": "arn:aws:ecs:ap-southeast-2:732757519306:task-definition/webflux",
            "container_definitions": "[{\"cpu\":512,\"environment\":[{\"name\":\"LAMBDA_URL\",\"value\":\"https://90sbilvkih.execute-api.ap-southeast-2.amazonaws.com/api/delay\"}],\"essential\":true,\"image\":\"732757519306.dkr.ecr.ap-southeast-2.amazonaws.com/webflux:latest\",\"logConfiguration\":{\"logDriver\":\"awslogs\",\"options\":{\"awslogs-group\":\"webflux-log\",\"awslogs-region\":\"ap-southeast-2\",\"awslogs-stream-prefix\":\"ecs\"}},\"memory\":1024,\"mountPoints\":[],\"name\":\"webflux\",\"portMappings\":[{\"containerPort\":8080,\"hostPort\":8080,\"protocol\":\"tcp\"}],\"volumesFrom\":[]}]",
            "cpu": "512",
            "ephemeral_storage": [],
            "execution_role_arn": "arn:aws:iam::732757519306:role/webflux-ecsTaskExecutionRole",
            "family": "webflux",
            "id": "webflux",
            "inference_accelerator": [],
            "ipc_mode": "",
            "memory": "1024",
            "network_mode": "awsvpc",
            "pid_mode": "",
            "placement_constraints": [],
            "proxy_configuration": [],
            "requires_compatibilities": [
              "FARGATE"
            ],
            "revision": 31,
            "runtime_platform": [],
            "skip_destroy": false,
            "tags": {},
            "tags_all": {},
            "task_role_arn": "",
            "volume": []
          },
          "sensitive_attributes": [],
          "private": "eyJzY2hlbWFfdmVyc2lvbiI6IjEifQ==",
          "dependencies": [
            "module.ecs_task.aws_cloudwatch_log_group.log_group",
            "module.ecs_task.aws_iam_role.ecsTaskExecutionRole",
            "module.ecs_task.data.aws_iam_policy_document.assume_role_policy",
            "module.lambda.aws_apigatewayv2_api.lambda",
            "module.lambda.aws_apigatewayv2_integration.delay_lambda",
            "module.lambda.aws_apigatewayv2_route.delay",
            "module.lambda.aws_apigatewayv2_stage.lambda",
            "module.lambda.aws_iam_role.lambda_exec",
            "module.lambda.aws_iam_role_policy_attachment.lambda_policy",
            "module.lambda.aws_lambda_function.delay_lambda",
            "module.lambda.aws_lambda_permission.api_gw",
            "module.lambda.aws_s3_bucket.lambda_bucket",
            "module.lambda.aws_s3_object.delay_lambda",
            "module.lambda.data.archive_file.delay_lambda",
            "module.lambda.random_pet.lambda_bucket_name"
          ]
        }
      ]
    },
    {
      "module": "module.ecs_task",
      "mode": "managed",
      "type": "aws_iam_role",
      "name": "ecsTaskExecutionRole",
      "provider": "provider[\"registry.terraform.io/hashicorp/aws\"]",
      "instances": [
        {
          "schema_version": 0,
          "attributes": {
            "arn": "arn:aws:iam::732757519306:role/webflux-ecsTaskExecutionRole",
            "assume_role_policy": "{\"Statement\":[{\"Action\":\"sts:AssumeRole\",\"Effect\":\"Allow\",\"Principal\":{\"Service\":\"ecs-tasks.amazonaws.com\"}}],\"Version\":\"2012-10-17\"}",
            "create_date": "2023-10-05T00:16:19Z",
            "description": "",
            "force_detach_policies": false,
            "id": "webflux-ecsTaskExecutionRole",
            "inline_policy": [],
            "managed_policy_arns": [
              "arn:aws:iam::aws:policy/service-role/AmazonECSTaskExecutionRolePolicy"
            ],
            "max_session_duration": 3600,
            "name": "webflux-ecsTaskExecutionRole",
            "name_prefix": "",
            "path": "/",
            "permissions_boundary": null,
            "tags": {},
            "tags_all": {},
            "unique_id": "AROA2VG6ANPFMOVLI45K2"
          },
          "sensitive_attributes": [],
          "private": "bnVsbA==",
          "dependencies": [
            "module.ecs_task.data.aws_iam_policy_document.assume_role_policy",
            "module.lambda.aws_apigatewayv2_api.lambda",
            "module.lambda.aws_apigatewayv2_integration.delay_lambda",
            "module.lambda.aws_apigatewayv2_route.delay",
            "module.lambda.aws_apigatewayv2_stage.lambda",
            "module.lambda.aws_iam_role.lambda_exec",
            "module.lambda.aws_iam_role_policy_attachment.lambda_policy",
            "module.lambda.aws_lambda_function.delay_lambda",
            "module.lambda.aws_lambda_permission.api_gw",
            "module.lambda.aws_s3_bucket.lambda_bucket",
            "module.lambda.aws_s3_object.delay_lambda",
            "module.lambda.data.archive_file.delay_lambda",
            "module.lambda.random_pet.lambda_bucket_name"
          ]
        }
      ]
    },
    {
      "module": "module.ecs_task",
      "mode": "managed",
      "type": "aws_lb_target_group",
      "name": "target_group",
      "provider": "provider[\"registry.terraform.io/hashicorp/aws\"]",
      "instances": [
        {
          "schema_version": 0,
          "attributes": {
            "arn": "arn:aws:elasticloadbalancing:ap-southeast-2:732757519306:targetgroup/webflux-target-group/e58011bbb0c54f06",
            "arn_suffix": "targetgroup/webflux-target-group/e58011bbb0c54f06",
            "connection_termination": false,
            "deregistration_delay": "300",
            "health_check": [
              {
                "enabled": true,
                "healthy_threshold": 3,
                "interval": 30,
                "matcher": "200",
                "path": "/actuator/health",
                "port": "traffic-port",
                "protocol": "HTTP",
                "timeout": 5,
                "unhealthy_threshold": 3
              }
            ],
            "id": "arn:aws:elasticloadbalancing:ap-southeast-2:732757519306:targetgroup/webflux-target-group/e58011bbb0c54f06",
            "ip_address_type": "ipv4",
            "lambda_multi_value_headers_enabled": false,
            "load_balancing_algorithm_type": "round_robin",
            "load_balancing_cross_zone_enabled": "use_load_balancer_configuration",
            "name": "webflux-target-group",
            "name_prefix": null,
            "port": 80,
            "preserve_client_ip": null,
            "protocol": "HTTP",
            "protocol_version": "HTTP1",
            "proxy_protocol_v2": false,
            "slow_start": 0,
            "stickiness": [
              {
                "cookie_duration": 86400,
                "cookie_name": "",
                "enabled": false,
                "type": "lb_cookie"
              }
            ],
            "tags": {},
            "tags_all": {},
            "target_failover": [
              {
                "on_deregistration": null,
                "on_unhealthy": null
              }
            ],
            "target_type": "ip",
            "vpc_id": "vpc-915a83f4"
          },
          "sensitive_attributes": [],
          "private": "bnVsbA==",
          "dependencies": [
            "module.ecs_task.aws_default_vpc.default_vpc",
            "module.lambda.aws_apigatewayv2_api.lambda",
            "module.lambda.aws_apigatewayv2_integration.delay_lambda",
            "module.lambda.aws_apigatewayv2_route.delay",
            "module.lambda.aws_apigatewayv2_stage.lambda",
            "module.lambda.aws_iam_role.lambda_exec",
            "module.lambda.aws_iam_role_policy_attachment.lambda_policy",
            "module.lambda.aws_lambda_function.delay_lambda",
            "module.lambda.aws_lambda_permission.api_gw",
            "module.lambda.aws_s3_bucket.lambda_bucket",
            "module.lambda.aws_s3_object.delay_lambda",
            "module.lambda.data.archive_file.delay_lambda",
            "module.lambda.random_pet.lambda_bucket_name"
          ]
        }
      ]
    },
    {
      "module": "module.ecs_task",
      "mode": "managed",
      "type": "aws_security_group",
      "name": "load_balancer_security_group",
      "provider": "provider[\"registry.terraform.io/hashicorp/aws\"]",
      "instances": [
        {
          "schema_version": 1,
          "attributes": {
            "arn": "arn:aws:ec2:ap-southeast-2:732757519306:security-group/sg-00577937ff3d68e3d",
            "description": "Managed by Terraform",
            "egress": [
              {
                "cidr_blocks": [
                  "0.0.0.0/0"
                ],
                "description": "",
                "from_port": 0,
                "ipv6_cidr_blocks": [],
                "prefix_list_ids": [],
                "protocol": "-1",
                "security_groups": [],
                "self": false,
                "to_port": 0
              }
            ],
            "id": "sg-00577937ff3d68e3d",
            "ingress": [
              {
                "cidr_blocks": [
                  "0.0.0.0/0"
                ],
                "description": "",
                "from_port": 80,
                "ipv6_cidr_blocks": [],
                "prefix_list_ids": [],
                "protocol": "tcp",
                "security_groups": [],
                "self": false,
                "to_port": 80
              }
            ],
            "name": "terraform-20231005001618471200000002",
            "name_prefix": "terraform-",
            "owner_id": "732757519306",
            "revoke_rules_on_delete": false,
            "tags": {},
            "tags_all": {},
            "timeouts": null,
            "vpc_id": "vpc-915a83f4"
          },
          "sensitive_attributes": [],
          "private": "eyJlMmJmYjczMC1lY2FhLTExZTYtOGY4OC0zNDM2M2JjN2M0YzAiOnsiY3JlYXRlIjo2MDAwMDAwMDAwMDAsImRlbGV0ZSI6OTAwMDAwMDAwMDAwfSwic2NoZW1hX3ZlcnNpb24iOiIxIn0=",
          "dependencies": [
            "module.lambda.aws_apigatewayv2_api.lambda",
            "module.lambda.aws_apigatewayv2_integration.delay_lambda",
            "module.lambda.aws_apigatewayv2_route.delay",
            "module.lambda.aws_apigatewayv2_stage.lambda",
            "module.lambda.aws_iam_role.lambda_exec",
            "module.lambda.aws_iam_role_policy_attachment.lambda_policy",
            "module.lambda.aws_lambda_function.delay_lambda",
            "module.lambda.aws_lambda_permission.api_gw",
            "module.lambda.aws_s3_bucket.lambda_bucket",
            "module.lambda.aws_s3_object.delay_lambda",
            "module.lambda.data.archive_file.delay_lambda",
            "module.lambda.random_pet.lambda_bucket_name"
          ]
        }
      ]
    },
    {
      "module": "module.ecs_task",
      "mode": "managed",
      "type": "aws_security_group",
      "name": "service_security_group",
      "provider": "provider[\"registry.terraform.io/hashicorp/aws\"]",
      "instances": [
        {
          "schema_version": 1,
          "attributes": {
            "arn": "arn:aws:ec2:ap-southeast-2:732757519306:security-group/sg-091159c20e653c0d9",
            "description": "Managed by Terraform",
            "egress": [
              {
                "cidr_blocks": [
                  "0.0.0.0/0"
                ],
                "description": "",
                "from_port": 0,
                "ipv6_cidr_blocks": [],
                "prefix_list_ids": [],
                "protocol": "-1",
                "security_groups": [],
                "self": false,
                "to_port": 0
              }
            ],
            "id": "sg-091159c20e653c0d9",
            "ingress": [
              {
                "cidr_blocks": [],
                "description": "",
                "from_port": 0,
                "ipv6_cidr_blocks": [],
                "prefix_list_ids": [],
                "protocol": "-1",
                "security_groups": [
                  "sg-00577937ff3d68e3d"
                ],
                "self": false,
                "to_port": 0
              }
            ],
            "name": "terraform-20231005001621090500000006",
            "name_prefix": "terraform-",
            "owner_id": "732757519306",
            "revoke_rules_on_delete": false,
            "tags": {},
            "tags_all": {},
            "timeouts": null,
            "vpc_id": "vpc-915a83f4"
          },
          "sensitive_attributes": [],
          "private": "eyJlMmJmYjczMC1lY2FhLTExZTYtOGY4OC0zNDM2M2JjN2M0YzAiOnsiY3JlYXRlIjo2MDAwMDAwMDAwMDAsImRlbGV0ZSI6OTAwMDAwMDAwMDAwfSwic2NoZW1hX3ZlcnNpb24iOiIxIn0=",
          "dependencies": [
            "module.ecs_task.aws_security_group.load_balancer_security_group",
            "module.lambda.aws_apigatewayv2_api.lambda",
            "module.lambda.aws_apigatewayv2_integration.delay_lambda",
            "module.lambda.aws_apigatewayv2_route.delay",
            "module.lambda.aws_apigatewayv2_stage.lambda",
            "module.lambda.aws_iam_role.lambda_exec",
            "module.lambda.aws_iam_role_policy_attachment.lambda_policy",
            "module.lambda.aws_lambda_function.delay_lambda",
            "module.lambda.aws_lambda_permission.api_gw",
            "module.lambda.aws_s3_bucket.lambda_bucket",
            "module.lambda.aws_s3_object.delay_lambda",
            "module.lambda.data.archive_file.delay_lambda",
            "module.lambda.random_pet.lambda_bucket_name"
          ]
        }
      ]
    },
    {
      "module": "module.lambda",
      "mode": "data",
      "type": "archive_file",
      "name": "delay_lambda",
      "provider": "provider[\"registry.terraform.io/hashicorp/archive\"]",
      "instances": [
        {
          "schema_version": 0,
          "attributes": {
            "exclude_symlink_directories": null,
            "excludes": null,
            "id": "35d057fad0bd4451f5ecd5889f2f48b7117fab80",
            "output_base64sha256": "Ii5/EwKhCPt7ZbzDF+iSMQmp4pLcxeCTXQ8NtIx5XY0=",
            "output_base64sha512": "Oksy8qkI9xPZfYoaO/1+fPAkQnI3hYX7ve0ZqRA3p/IpOt3uHnSUetvKwaHk7Ha9taSEepHx/Ov+DDq8zKuizg==",
            "output_file_mode": null,
            "output_md5": "a56bb3bb3071170f9a275550e9d6da6f",
            "output_path": "lambda/../trigger.zip",
            "output_sha": "35d057fad0bd4451f5ecd5889f2f48b7117fab80",
            "output_sha256": "222e7f1302a108fb7b65bcc317e8923109a9e292dcc5e0935d0f0db48c795d8d",
            "output_sha512": "3a4b32f2a908f713d97d8a1a3bfd7e7cf0244272378585fbbded19a91037a7f2293addee1e74947adbcac1a1e4ec76bdb5a4847a91f1fcebfe0c3abcccaba2ce",
            "output_size": 414,
            "source": [],
            "source_content": null,
            "source_content_filename": null,
            "source_dir": "lambda/../trigger",
            "source_file": null,
            "type": "zip"
          },
          "sensitive_attributes": []
        }
      ]
    },
    {
      "module": "module.lambda",
      "mode": "managed",
      "type": "aws_apigatewayv2_api",
      "name": "lambda",
      "provider": "provider[\"registry.terraform.io/hashicorp/aws\"]",
      "instances": [
        {
          "schema_version": 0,
          "attributes": {
            "api_endpoint": "https://90sbilvkih.execute-api.ap-southeast-2.amazonaws.com",
            "api_key_selection_expression": "$request.header.x-api-key",
            "arn": "arn:aws:apigateway:ap-southeast-2::/apis/90sbilvkih",
            "body": null,
            "cors_configuration": [],
            "credentials_arn": null,
            "description": "",
            "disable_execute_api_endpoint": false,
            "execution_arn": "arn:aws:execute-api:ap-southeast-2:732757519306:90sbilvkih",
            "fail_on_warnings": null,
            "id": "90sbilvkih",
            "name": "serverless_lambda_gw",
            "protocol_type": "HTTP",
            "route_key": null,
            "route_selection_expression": "$request.method $request.path",
            "tags": {},
            "tags_all": {},
            "target": null,
            "version": ""
          },
          "sensitive_attributes": [],
          "private": "bnVsbA=="
        }
      ]
    },
    {
      "module": "module.lambda",
      "mode": "managed",
      "type": "aws_apigatewayv2_integration",
      "name": "delay_lambda",
      "provider": "provider[\"registry.terraform.io/hashicorp/aws\"]",
      "instances": [
        {
          "schema_version": 0,
          "attributes": {
            "api_id": "90sbilvkih",
            "connection_id": "",
            "connection_type": "INTERNET",
            "content_handling_strategy": "",
            "credentials_arn": "",
            "description": "",
            "id": "nf9pllr",
            "integration_method": "POST",
            "integration_response_selection_expression": "",
            "integration_subtype": "",
            "integration_type": "AWS_PROXY",
            "integration_uri": "arn:aws:apigateway:ap-southeast-2:lambda:path/2015-03-31/functions/arn:aws:lambda:ap-southeast-2:732757519306:function:RequestDelay/invocations",
            "passthrough_behavior": "",
            "payload_format_version": "1.0",
            "request_parameters": {},
            "request_templates": {},
            "response_parameters": [],
            "template_selection_expression": "",
            "timeout_milliseconds": 30000,
            "tls_config": []
          },
          "sensitive_attributes": [],
          "private": "bnVsbA==",
          "dependencies": [
            "module.lambda.aws_apigatewayv2_api.lambda",
            "module.lambda.aws_iam_role.lambda_exec",
            "module.lambda.aws_lambda_function.delay_lambda",
            "module.lambda.aws_s3_bucket.lambda_bucket",
            "module.lambda.aws_s3_object.delay_lambda",
            "module.lambda.data.archive_file.delay_lambda",
            "module.lambda.random_pet.lambda_bucket_name"
          ]
        }
      ]
    },
    {
      "module": "module.lambda",
      "mode": "managed",
      "type": "aws_apigatewayv2_route",
      "name": "delay",
      "provider": "provider[\"registry.terraform.io/hashicorp/aws\"]",
      "instances": [
        {
          "schema_version": 0,
          "attributes": {
            "api_id": "90sbilvkih",
            "api_key_required": false,
            "authorization_scopes": [],
            "authorization_type": "NONE",
            "authorizer_id": "",
            "id": "lnc0g6h",
            "model_selection_expression": "",
            "operation_name": "",
            "request_models": {},
            "request_parameter": [],
            "route_key": "GET /delay",
            "route_response_selection_expression": "",
            "target": "integrations/nf9pllr"
          },
          "sensitive_attributes": [],
          "private": "bnVsbA==",
          "dependencies": [
            "module.lambda.aws_apigatewayv2_api.lambda",
            "module.lambda.aws_apigatewayv2_integration.delay_lambda",
            "module.lambda.aws_iam_role.lambda_exec",
            "module.lambda.aws_lambda_function.delay_lambda",
            "module.lambda.aws_s3_bucket.lambda_bucket",
            "module.lambda.aws_s3_object.delay_lambda",
            "module.lambda.data.archive_file.delay_lambda",
            "module.lambda.random_pet.lambda_bucket_name"
          ]
        }
      ]
    },
    {
      "module": "module.lambda",
      "mode": "managed",
      "type": "aws_apigatewayv2_stage",
      "name": "lambda",
      "provider": "provider[\"registry.terraform.io/hashicorp/aws\"]",
      "instances": [
        {
          "schema_version": 0,
          "attributes": {
            "access_log_settings": [],
            "api_id": "90sbilvkih",
            "arn": "arn:aws:apigateway:ap-southeast-2::/apis/90sbilvkih/stages/api",
            "auto_deploy": true,
            "client_certificate_id": "",
            "default_route_settings": [
              {
                "data_trace_enabled": false,
                "detailed_metrics_enabled": false,
                "logging_level": "",
                "throttling_burst_limit": 0,
                "throttling_rate_limit": 0
              }
            ],
            "deployment_id": "1loc9m",
            "description": "",
            "execution_arn": "arn:aws:execute-api:ap-southeast-2:732757519306:90sbilvkih/api",
            "id": "api",
            "invoke_url": "https://90sbilvkih.execute-api.ap-southeast-2.amazonaws.com/api",
            "name": "api",
            "route_settings": [],
            "stage_variables": {},
            "tags": {},
            "tags_all": {}
          },
          "sensitive_attributes": [],
          "private": "bnVsbA==",
          "dependencies": [
            "module.lambda.aws_apigatewayv2_api.lambda"
          ]
        }
      ]
    },
    {
      "module": "module.lambda",
      "mode": "managed",
      "type": "aws_iam_role",
      "name": "lambda_exec",
      "provider": "provider[\"registry.terraform.io/hashicorp/aws\"]",
      "instances": [
        {
          "schema_version": 0,
          "attributes": {
            "arn": "arn:aws:iam::732757519306:role/serverless_lambda",
            "assume_role_policy": "{\"Statement\":[{\"Action\":\"sts:AssumeRole\",\"Effect\":\"Allow\",\"Principal\":{\"Service\":\"lambda.amazonaws.com\"},\"Sid\":\"\"}],\"Version\":\"2012-10-17\"}",
            "create_date": "2023-10-05T00:15:52Z",
            "description": "",
            "force_detach_policies": false,
            "id": "serverless_lambda",
            "inline_policy": [],
            "managed_policy_arns": [
              "arn:aws:iam::aws:policy/service-role/AWSLambdaBasicExecutionRole"
            ],
            "max_session_duration": 3600,
            "name": "serverless_lambda",
            "name_prefix": "",
            "path": "/",
            "permissions_boundary": null,
            "tags": {},
            "tags_all": {},
            "unique_id": "AROA2VG6ANPFL3KAPKBBE"
          },
          "sensitive_attributes": [],
          "private": "bnVsbA=="
        }
      ]
    },
    {
      "module": "module.lambda",
      "mode": "managed",
      "type": "aws_iam_role_policy_attachment",
      "name": "lambda_policy",
      "provider": "provider[\"registry.terraform.io/hashicorp/aws\"]",
      "instances": [
        {
          "schema_version": 0,
          "attributes": {
            "id": "serverless_lambda-20231005001554316400000001",
            "policy_arn": "arn:aws:iam::aws:policy/service-role/AWSLambdaBasicExecutionRole",
            "role": "serverless_lambda"
          },
          "sensitive_attributes": [],
          "private": "bnVsbA==",
          "dependencies": [
            "module.lambda.aws_iam_role.lambda_exec"
          ]
        }
      ]
    },
    {
      "module": "module.lambda",
      "mode": "managed",
      "type": "aws_lambda_function",
      "name": "delay_lambda",
      "provider": "provider[\"registry.terraform.io/hashicorp/aws\"]",
      "instances": [
        {
          "schema_version": 0,
          "attributes": {
            "architectures": [
              "x86_64"
            ],
            "arn": "arn:aws:lambda:ap-southeast-2:732757519306:function:RequestDelay",
            "code_signing_config_arn": "",
            "dead_letter_config": [],
            "description": "",
            "environment": [],
            "ephemeral_storage": [
              {
                "size": 512
              }
            ],
            "file_system_config": [],
            "filename": null,
            "function_name": "RequestDelay",
            "handler": "main.handler",
            "id": "RequestDelay",
            "image_config": [],
            "image_uri": "",
            "invoke_arn": "arn:aws:apigateway:ap-southeast-2:lambda:path/2015-03-31/functions/arn:aws:lambda:ap-southeast-2:732757519306:function:RequestDelay/invocations",
            "kms_key_arn": "",
            "last_modified": "2023-10-05T00:16:18.231+0000",
            "layers": [],
            "memory_size": 128,
            "package_type": "Zip",
            "publish": false,
            "qualified_arn": "arn:aws:lambda:ap-southeast-2:732757519306:function:RequestDelay:$LATEST",
            "qualified_invoke_arn": "arn:aws:apigateway:ap-southeast-2:lambda:path/2015-03-31/functions/arn:aws:lambda:ap-southeast-2:732757519306:function:RequestDelay:$LATEST/invocations",
            "replace_security_groups_on_destroy": null,
            "replacement_security_group_ids": null,
            "reserved_concurrent_executions": -1,
            "role": "arn:aws:iam::732757519306:role/serverless_lambda",
            "runtime": "nodejs18.x",
            "s3_bucket": "vova-webflux-factually-slowly-trusting-javelin",
            "s3_key": "trigger.zip",
            "s3_object_version": null,
            "signing_job_arn": "",
            "signing_profile_version_arn": "",
            "skip_destroy": false,
            "snap_start": [],
            "source_code_hash": "Ii5/EwKhCPt7ZbzDF+iSMQmp4pLcxeCTXQ8NtIx5XY0=",
            "source_code_size": 414,
            "tags": {},
            "tags_all": {},
            "timeout": 3,
            "timeouts": null,
            "tracing_config": [
              {
                "mode": "PassThrough"
              }
            ],
            "version": "$LATEST",
            "vpc_config": []
          },
          "sensitive_attributes": [],
          "private": "eyJlMmJmYjczMC1lY2FhLTExZTYtOGY4OC0zNDM2M2JjN2M0YzAiOnsiY3JlYXRlIjo2MDAwMDAwMDAwMDAsImRlbGV0ZSI6NjAwMDAwMDAwMDAwLCJ1cGRhdGUiOjYwMDAwMDAwMDAwMH19",
          "dependencies": [
            "module.lambda.aws_iam_role.lambda_exec",
            "module.lambda.aws_s3_bucket.lambda_bucket",
            "module.lambda.aws_s3_object.delay_lambda",
            "module.lambda.data.archive_file.delay_lambda",
            "module.lambda.random_pet.lambda_bucket_name"
          ]
        }
      ]
    },
    {
      "module": "module.lambda",
      "mode": "managed",
      "type": "aws_lambda_permission",
      "name": "api_gw",
      "provider": "provider[\"registry.terraform.io/hashicorp/aws\"]",
      "instances": [
        {
          "schema_version": 0,
          "attributes": {
            "action": "lambda:InvokeFunction",
            "event_source_token": null,
            "function_name": "RequestDelay",
            "function_url_auth_type": null,
            "id": "AllowExecutionFromAPIGateway",
            "principal": "apigateway.amazonaws.com",
            "principal_org_id": null,
            "qualifier": "",
            "source_account": null,
            "source_arn": "arn:aws:execute-api:ap-southeast-2:732757519306:90sbilvkih/*/*",
            "statement_id": "AllowExecutionFromAPIGateway",
            "statement_id_prefix": ""
          },
          "sensitive_attributes": [],
          "private": "bnVsbA==",
          "dependencies": [
            "module.lambda.aws_apigatewayv2_api.lambda",
            "module.lambda.aws_iam_role.lambda_exec",
            "module.lambda.aws_lambda_function.delay_lambda",
            "module.lambda.aws_s3_bucket.lambda_bucket",
            "module.lambda.aws_s3_object.delay_lambda",
            "module.lambda.data.archive_file.delay_lambda",
            "module.lambda.random_pet.lambda_bucket_name"
          ]
        }
      ]
    },
    {
      "module": "module.lambda",
      "mode": "managed",
      "type": "aws_s3_bucket",
      "name": "lambda_bucket",
      "provider": "provider[\"registry.terraform.io/hashicorp/aws\"]",
      "instances": [
        {
          "schema_version": 0,
          "attributes": {
            "acceleration_status": "",
            "acl": null,
            "arn": "arn:aws:s3:::vova-webflux-factually-slowly-trusting-javelin",
            "bucket": "vova-webflux-factually-slowly-trusting-javelin",
            "bucket_domain_name": "vova-webflux-factually-slowly-trusting-javelin.s3.amazonaws.com",
            "bucket_prefix": "",
            "bucket_regional_domain_name": "vova-webflux-factually-slowly-trusting-javelin.s3.ap-southeast-2.amazonaws.com",
            "cors_rule": [],
            "force_destroy": false,
            "grant": [
              {
                "id": "2e476956961092e328304f9f7ef6d22ba5ea8e60b88b17dbc517bac6416688c1",
                "permissions": [
                  "FULL_CONTROL"
                ],
                "type": "CanonicalUser",
                "uri": ""
              }
            ],
            "hosted_zone_id": "Z1WCIGYICN2BYD",
            "id": "vova-webflux-factually-slowly-trusting-javelin",
            "lifecycle_rule": [],
            "logging": [],
            "object_lock_configuration": [],
            "object_lock_enabled": false,
            "policy": "",
            "region": "ap-southeast-2",
            "replication_configuration": [],
            "request_payer": "BucketOwner",
            "server_side_encryption_configuration": [
              {
                "rule": [
                  {
                    "apply_server_side_encryption_by_default": [
                      {
                        "kms_master_key_id": "",
                        "sse_algorithm": "AES256"
                      }
                    ],
                    "bucket_key_enabled": false
                  }
                ]
              }
            ],
            "tags": {},
            "tags_all": {},
            "timeouts": null,
            "versioning": [
              {
                "enabled": false,
                "mfa_delete": false
              }
            ],
            "website": [],
            "website_domain": null,
            "website_endpoint": null
          },
          "sensitive_attributes": [],
          "private": "eyJlMmJmYjczMC1lY2FhLTExZTYtOGY4OC0zNDM2M2JjN2M0YzAiOnsiY3JlYXRlIjoxMjAwMDAwMDAwMDAwLCJkZWxldGUiOjM2MDAwMDAwMDAwMDAsInJlYWQiOjEyMDAwMDAwMDAwMDAsInVwZGF0ZSI6MTIwMDAwMDAwMDAwMH19",
          "dependencies": [
            "module.lambda.random_pet.lambda_bucket_name"
          ]
        }
      ]
    },
    {
      "module": "module.lambda",
      "mode": "managed",
      "type": "aws_s3_object",
      "name": "delay_lambda",
      "provider": "provider[\"registry.terraform.io/hashicorp/aws\"]",
      "instances": [
        {
          "schema_version": 0,
          "attributes": {
            "acl": null,
            "bucket": "vova-webflux-factually-slowly-trusting-javelin",
            "bucket_key_enabled": false,
            "cache_control": "",
            "content": null,
            "content_base64": null,
            "content_disposition": "",
            "content_encoding": "",
            "content_language": "",
            "content_type": "binary/octet-stream",
            "etag": "a56bb3bb3071170f9a275550e9d6da6f",
            "force_destroy": false,
            "id": "trigger.zip",
            "key": "trigger.zip",
            "kms_key_id": null,
            "metadata": {},
            "object_lock_legal_hold_status": "",
            "object_lock_mode": "",
            "object_lock_retain_until_date": "",
            "server_side_encryption": "AES256",
            "source": "lambda/../trigger.zip",
            "source_hash": null,
            "storage_class": "STANDARD",
            "tags": {},
            "tags_all": {},
            "version_id": "",
            "website_redirect": ""
          },
          "sensitive_attributes": [],
          "private": "bnVsbA==",
          "dependencies": [
            "module.lambda.aws_s3_bucket.lambda_bucket",
            "module.lambda.data.archive_file.delay_lambda",
            "module.lambda.random_pet.lambda_bucket_name"
          ]
        }
      ]
    },
    {
      "module": "module.lambda",
      "mode": "managed",
      "type": "random_pet",
      "name": "lambda_bucket_name",
      "provider": "provider[\"registry.terraform.io/hashicorp/random\"]",
      "instances": [
        {
          "schema_version": 0,
          "attributes": {
            "id": "vova-webflux-factually-slowly-trusting-javelin",
            "keepers": null,
            "length": 4,
            "prefix": "vova-webflux",
            "separator": "-"
          },
          "sensitive_attributes": []
        }
      ]
    }
  ],
  "check_results": null
}
